
Microsoft Visual Studio Solution File, Format Version 12.00
# Visual Studio Version 16
VisualStudioVersion = 16.0.28803.352
MinimumVisualStudioVersion = 10.0.40219.1
Project("{FAE04EC0-301F-11D3-BF4B-00C04F79EFBC}") = "Demo.Api", "Demo.Api\Demo.Api.csproj", "{376CCD16-6D47-42C5-B0FE-7248A268FB21}"
EndProject
Global
	GlobalSection(SolutionConfigurationPlatforms) = preSolution
		Debug|Any CPU = Debug|Any CPU
		Release|Any CPU = Release|Any CPU
	EndGlobalSection
	GlobalSection(ProjectConfigurationPlatforms) = postSolution
		{376CCD16-6D47-42C5-B0FE-7248A268FB21}.Debug|Any CPU.ActiveCfg = Debug|Any CPU
		{376CCD16-6D47-42C5-B0FE-7248A268FB21}.Debug|Any CPU.Build.0 = Debug|Any CPU
		{376CCD16-6D47-42C5-B0FE-7248A268FB21}.Release|Any CPU.ActiveCfg = Release|Any CPU
		{376CCD16-6D47-42C5-B0FE-7248A268FB21}.Release|Any CPU.Build.0 = Release|Any CPU
	EndGlobalSection
	GlobalSection(SolutionProperties) = preSolution
		HideSolutionNode = FALSE
	EndGlobalSection
	GlobalSection(ExtensibilityGlobals) = postSolution
		SolutionGuid = {37A2EAC7-588D-49B9-93A1-201117AE2EF3}
	EndGlobalSection
EndGlobal
